
Microsoft Visual Studio Solution File, Format Version 12.00
# Visual Studio Version 16
VisualStudioVersion = 16.0.30309.148
MinimumVisualStudioVersion = 10.0.40219.1
Project("{8BC9CEB8-8B4A-11D0-8D11-00A0C91BC942}") = "14122019", "14122019.vcxproj", "{BAEADF57-BD2A-4AC7-8BB7-8B88B5066676}"
EndProject
Global
	GlobalSection(SolutionConfigurationPlatforms) = preSolution
		Debug|x64 = Debug|x64
		Debug|x86 = Debug|x86
		Release|x64 = Release|x64
		Release|x86 = Release|x86
	EndGlobalSection
	GlobalSection(ProjectConfigurationPlatforms) = postSolution
		{BAEADF57-BD2A-4AC7-8BB7-8B88B5066676}.Debug|x64.ActiveCfg = Debug|x64
		{BAEADF57-BD2A-4AC7-8BB7-8B88B5066676}.Debug|x64.Build.0 = Debug|x64
		{BAEADF57-BD2A-4AC7-8BB7-8B88B5066676}.Debug|x86.ActiveCfg = Debug|Win32
		{BAEADF57-BD2A-4AC7-8BB7-8B88B5066676}.Debug|x86.Build.0 = Debug|Win32
		{BAEADF57-BD2A-4AC7-8BB7-8B88B5066676}.Release|x64.ActiveCfg = Release|x64
		{BAEADF57-BD2A-4AC7-8BB7-8B88B5066676}.Release|x64.Build.0 = Release|x64
		{BAEADF57-BD2A-4AC7-8BB7-8B88B5066676}.Release|x86.ActiveCfg = Release|Win32
		{BAEADF57-BD2A-4AC7-8BB7-8B88B5066676}.Release|x86.Build.0 = Release|Win32
	EndGlobalSection
	GlobalSection(SolutionProperties) = preSolution
		HideSolutionNode = FALSE
	EndGlobalSection
	GlobalSection(ExtensibilityGlobals) = postSolution
		SolutionGuid = {E79A7882-01EA-46F1-9F13-3672113975D9}
	EndGlobalSection
EndGlobal
